
Microsoft Visual Studio Solution File, Format Version 12.00
# Visual Studio Version 17
VisualStudioVersion = 17.3.32929.385
MinimumVisualStudioVersion = 10.0.40219.1
Project("{FAE04EC0-301F-11D3-BF4B-00C04F79EFBC}") = "S_c_first", "WebApplication1\S_c_first.csproj", "{6A88B9D8-97B9-4808-8AB4-3921320E0275}"
EndProject
Global
	GlobalSection(SolutionConfigurationPlatforms) = preSolution
		Debug|Any CPU = Debug|Any CPU
		Release|Any CPU = Release|Any CPU
	EndGlobalSection
	GlobalSection(ProjectConfigurationPlatforms) = postSolution
		{6A88B9D8-97B9-4808-8AB4-3921320E0275}.Debug|Any CPU.ActiveCfg = Debug|Any CPU
		{6A88B9D8-97B9-4808-8AB4-3921320E0275}.Debug|Any CPU.Build.0 = Debug|Any CPU
		{6A88B9D8-97B9-4808-8AB4-3921320E0275}.Release|Any CPU.ActiveCfg = Release|Any CPU
		{6A88B9D8-97B9-4808-8AB4-3921320E0275}.Release|Any CPU.Build.0 = Release|Any CPU
	EndGlobalSection
	GlobalSection(SolutionProperties) = preSolution
		HideSolutionNode = FALSE
	EndGlobalSection
	GlobalSection(ExtensibilityGlobals) = postSolution
		SolutionGuid = {8FF73DA5-58EB-4A5B-AEE3-025C77643B66}
	EndGlobalSection
EndGlobal
